
Microsoft Visual Studio Solution File, Format Version 12.00
# Visual Studio Version 17
VisualStudioVersion = 17.14.36930.0 d17.14
MinimumVisualStudioVersion = 10.0.40219.1
Project("{FAE04EC0-301F-11D3-BF4B-00C04F79EFBC}") = "DiaryApp", "DiaryApp\DiaryApp.csproj", "{47B3DABC-D9F7-4FF3-AFB3-F0A40C1C59A7}"
EndProject
Global
	GlobalSection(SolutionConfigurationPlatforms) = preSolution
		Debug|Any CPU = Debug|Any CPU
		Release|Any CPU = Release|Any CPU
	EndGlobalSection
	GlobalSection(ProjectConfigurationPlatforms) = postSolution
		{47B3DABC-D9F7-4FF3-AFB3-F0A40C1C59A7}.Debug|Any CPU.ActiveCfg = Debug|Any CPU
		{47B3DABC-D9F7-4FF3-AFB3-F0A40C1C59A7}.Debug|Any CPU.Build.0 = Debug|Any CPU
		{47B3DABC-D9F7-4FF3-AFB3-F0A40C1C59A7}.Release|Any CPU.ActiveCfg = Release|Any CPU
		{47B3DABC-D9F7-4FF3-AFB3-F0A40C1C59A7}.Release|Any CPU.Build.0 = Release|Any CPU
	EndGlobalSection
	GlobalSection(SolutionProperties) = preSolution
		HideSolutionNode = FALSE
	EndGlobalSection
	GlobalSection(ExtensibilityGlobals) = postSolution
		SolutionGuid = {37C364AF-1F90-4681-B9EF-5405ACE0D44B}
	EndGlobalSection
EndGlobal
